
Microsoft Visual Studio Solution File, Format Version 12.00
# Visual Studio Version 16
VisualStudioVersion = 16.0.33529.622
MinimumVisualStudioVersion = 10.0.40219.1
Project("{FAE04EC0-301F-11D3-BF4B-00C04F79EFBC}") = "SAVSmedia", "SAVSmedia\SAVSmedia.csproj", "{C07D48BB-06A9-4A60-9F8A-29012C7EE072}"
EndProject
Global
	GlobalSection(SolutionConfigurationPlatforms) = preSolution
		Debug|Any CPU = Debug|Any CPU
		Release|Any CPU = Release|Any CPU
	EndGlobalSection
	GlobalSection(ProjectConfigurationPlatforms) = postSolution
		{C07D48BB-06A9-4A60-9F8A-29012C7EE072}.Debug|Any CPU.ActiveCfg = Debug|Any CPU
		{C07D48BB-06A9-4A60-9F8A-29012C7EE072}.Debug|Any CPU.Build.0 = Debug|Any CPU
		{C07D48BB-06A9-4A60-9F8A-29012C7EE072}.Release|Any CPU.ActiveCfg = Release|Any CPU
		{C07D48BB-06A9-4A60-9F8A-29012C7EE072}.Release|Any CPU.Build.0 = Release|Any CPU
	EndGlobalSection
	GlobalSection(SolutionProperties) = preSolution
		HideSolutionNode = FALSE
	EndGlobalSection
	GlobalSection(ExtensibilityGlobals) = postSolution
		SolutionGuid = {B2018167-8A28-4320-9D31-AB5CB745C4A3}
	EndGlobalSection
EndGlobal
